
Microsoft Visual Studio Solution File, Format Version 12.00
# Visual Studio Version 16
VisualStudioVersion = 16.0.31729.503
MinimumVisualStudioVersion = 10.0.40219.1
Project("{FAE04EC0-301F-11D3-BF4B-00C04F79EFBC}") = "Rabota_1", "Rabota_1\Rabota_1.csproj", "{ECFDD546-42B7-4303-9EA4-D2D5D605F607}"
EndProject
Global
	GlobalSection(SolutionConfigurationPlatforms) = preSolution
		Debug|Any CPU = Debug|Any CPU
		Release|Any CPU = Release|Any CPU
	EndGlobalSection
	GlobalSection(ProjectConfigurationPlatforms) = postSolution
		{ECFDD546-42B7-4303-9EA4-D2D5D605F607}.Debug|Any CPU.ActiveCfg = Debug|Any CPU
		{ECFDD546-42B7-4303-9EA4-D2D5D605F607}.Debug|Any CPU.Build.0 = Debug|Any CPU
		{ECFDD546-42B7-4303-9EA4-D2D5D605F607}.Release|Any CPU.ActiveCfg = Release|Any CPU
		{ECFDD546-42B7-4303-9EA4-D2D5D605F607}.Release|Any CPU.Build.0 = Release|Any CPU
	EndGlobalSection
	GlobalSection(SolutionProperties) = preSolution
		HideSolutionNode = FALSE
	EndGlobalSection
	GlobalSection(ExtensibilityGlobals) = postSolution
		SolutionGuid = {09BDD96C-1B79-49AB-8CF2-0E8F5663BD9C}
	EndGlobalSection
EndGlobal
